
Microsoft Visual Studio Solution File, Format Version 12.00
# Visual Studio 14
VisualStudioVersion = 14.0.24720.0
MinimumVisualStudioVersion = 10.0.40219.1
Project("{2150E333-8FDC-42A3-9474-1A3956D46DE8}") = "_Tests", "_Tests", "{DB170668-19E9-4B0B-BAE1-45AC7E27F0AE}"
EndProject
Project("{FAE04EC0-301F-11D3-BF4B-00C04F79EFBC}") = "Unne.DI", "Unne.DI\Unne.DI.csproj", "{48285DA3-E494-4B1F-8100-57316AC2CEDE}"
EndProject
Project("{FAE04EC0-301F-11D3-BF4B-00C04F79EFBC}") = "Unne.DI.Autofac", "Unne.DI.Autofac\Unne.DI.Autofac.csproj", "{CAAC08B4-708B-44CB-9204-4DA2A53F6AA2}"
EndProject
Project("{FAE04EC0-301F-11D3-BF4B-00C04F79EFBC}") = "Unne.DI.Autofac.Tests", "_Tests\Unne.DI.Autofac.Tests\Unne.DI.Autofac.Tests.csproj", "{3012E5BD-DB3F-4531-B637-1BBCB22E1A92}"
EndProject
Global
	GlobalSection(SolutionConfigurationPlatforms) = preSolution
		Debug|Any CPU = Debug|Any CPU
		Release|Any CPU = Release|Any CPU
	EndGlobalSection
	GlobalSection(ProjectConfigurationPlatforms) = postSolution
		{48285DA3-E494-4B1F-8100-57316AC2CEDE}.Debug|Any CPU.ActiveCfg = Debug|Any CPU
		{48285DA3-E494-4B1F-8100-57316AC2CEDE}.Debug|Any CPU.Build.0 = Debug|Any CPU
		{48285DA3-E494-4B1F-8100-57316AC2CEDE}.Release|Any CPU.ActiveCfg = Release|Any CPU
		{48285DA3-E494-4B1F-8100-57316AC2CEDE}.Release|Any CPU.Build.0 = Release|Any CPU
		{CAAC08B4-708B-44CB-9204-4DA2A53F6AA2}.Debug|Any CPU.ActiveCfg = Debug|Any CPU
		{CAAC08B4-708B-44CB-9204-4DA2A53F6AA2}.Debug|Any CPU.Build.0 = Debug|Any CPU
		{CAAC08B4-708B-44CB-9204-4DA2A53F6AA2}.Release|Any CPU.ActiveCfg = Release|Any CPU
		{CAAC08B4-708B-44CB-9204-4DA2A53F6AA2}.Release|Any CPU.Build.0 = Release|Any CPU
		{3012E5BD-DB3F-4531-B637-1BBCB22E1A92}.Debug|Any CPU.ActiveCfg = Debug|Any CPU
		{3012E5BD-DB3F-4531-B637-1BBCB22E1A92}.Debug|Any CPU.Build.0 = Debug|Any CPU
		{3012E5BD-DB3F-4531-B637-1BBCB22E1A92}.Release|Any CPU.ActiveCfg = Release|Any CPU
		{3012E5BD-DB3F-4531-B637-1BBCB22E1A92}.Release|Any CPU.Build.0 = Release|Any CPU
	EndGlobalSection
	GlobalSection(SolutionProperties) = preSolution
		HideSolutionNode = FALSE
	EndGlobalSection
	GlobalSection(NestedProjects) = preSolution
		{3012E5BD-DB3F-4531-B637-1BBCB22E1A92} = {DB170668-19E9-4B0B-BAE1-45AC7E27F0AE}
	EndGlobalSection
EndGlobal
